
Microsoft Visual Studio Solution File, Format Version 12.00
# Visual Studio Version 17
VisualStudioVersion = 17.0.31903.59
MinimumVisualStudioVersion = 10.0.40219.1
Project("{9A19103F-16F7-4668-BE54-9A1E7A4F7556}") = "BasicAuth", "src\BasicAuth\BasicAuth.csproj", "{A9894C10-8920-4030-9F51-750861EE402C}"
EndProject
Global
	GlobalSection(SolutionConfigurationPlatforms) = preSolution
		Debug|Any CPU = Debug|Any CPU
		Release|Any CPU = Release|Any CPU
	EndGlobalSection
	GlobalSection(ProjectConfigurationPlatforms) = postSolution
		{A9894C10-8920-4030-9F51-750861EE402C}.Debug|Any CPU.ActiveCfg = Debug|Any CPU
		{A9894C10-8920-4030-9F51-750861EE402C}.Debug|Any CPU.Build.0 = Debug|Any CPU
		{A9894C10-8920-4030-9F51-750861EE402C}.Release|Any CPU.ActiveCfg = Release|Any CPU
		{A9894C10-8920-4030-9F51-750861EE402C}.Release|Any CPU.Build.0 = Release|Any CPU
	EndGlobalSection
	GlobalSection(SolutionProperties) = preSolution
		HideSolutionNode = FALSE
	EndGlobalSection
	GlobalSection(ExtensibilityGlobals) = postSolution
		SolutionGuid = {4D14C446-1423-4298-99C2-E73584E1311C}
	EndGlobalSection
EndGlobal
