
Microsoft Visual Studio Solution File, Format Version 12.00
# Visual Studio Version 17
VisualStudioVersion = 17.0.31903.59
MinimumVisualStudioVersion = 10.0.40219.1
Project("{9A19103F-16F7-4668-BE54-9A1E7A4F7556}") = "BasicAuth", "src\BasicAuth\BasicAuth.csproj", "{A9894C10-8920-4030-9F51-750861EE402C}"
EndProject
Project("{9A19103F-16F7-4668-BE54-9A1E7A4F7556}") = "IdentityServer", "src\IdentityServer\IdentityServer.csproj", "{365A595A-2E64-4C11-8CD4-905D9B125407}"
EndProject
Project("{2150E333-8FDC-42A3-9474-1A3956D46DE8}") = "basic", "basic", "{BD31F4F6-5F6B-4A40-86EF-839A272A8716}"
EndProject
Project("{2150E333-8FDC-42A3-9474-1A3956D46DE8}") = "oauth", "oauth", "{776FBCAC-6269-484E-8E37-80A47135E37D}"
EndProject
Project("{9A19103F-16F7-4668-BE54-9A1E7A4F7556}") = "JwtServer", "src\JwtServer\JwtServer.csproj", "{D5899C8B-99F6-4429-A5C3-46A3F58512EE}"
EndProject
Project("{9A19103F-16F7-4668-BE54-9A1E7A4F7556}") = "JwtClient", "src\JwtClient\JwtClient.csproj", "{F26C7538-B86F-43B8-BB4F-2B46E3E332FD}"
EndProject
Project("{9A19103F-16F7-4668-BE54-9A1E7A4F7556}") = "JwtApi", "src\JwtApi\JwtApi.csproj", "{24B7B8D6-E3DC-413A-80A3-D2214CA929E6}"
EndProject
Project("{2150E333-8FDC-42A3-9474-1A3956D46DE8}") = "identityserver4", "identityserver4", "{D30626CB-FD08-4902-8711-353C810FD131}"
EndProject
Project("{FAE04EC0-301F-11D3-BF4B-00C04F79EFBC}") = "IdentityServer", "src\IdentityServer4\IdentityServer\IdentityServer.csproj", "{11DA5118-F334-449E-91D3-CD2ADB135801}"
EndProject
Project("{FAE04EC0-301F-11D3-BF4B-00C04F79EFBC}") = "IdentityClient1", "src\IdentityServer4\IdentityClient1\IdentityClient1.csproj", "{64F2F130-53FB-4C2E-A429-187903A2E6F6}"
EndProject
Project("{FAE04EC0-301F-11D3-BF4B-00C04F79EFBC}") = "IdentityClientApi2", "src\IdentityServer4\IdentityClientApi2\IdentityClientApi2.csproj", "{62CB38AF-B182-4F78-A565-138DC2CCA050}"
EndProject
Global
	GlobalSection(SolutionConfigurationPlatforms) = preSolution
		Debug|Any CPU = Debug|Any CPU
		Release|Any CPU = Release|Any CPU
	EndGlobalSection
	GlobalSection(ProjectConfigurationPlatforms) = postSolution
		{A9894C10-8920-4030-9F51-750861EE402C}.Debug|Any CPU.ActiveCfg = Debug|Any CPU
		{A9894C10-8920-4030-9F51-750861EE402C}.Debug|Any CPU.Build.0 = Debug|Any CPU
		{A9894C10-8920-4030-9F51-750861EE402C}.Release|Any CPU.ActiveCfg = Release|Any CPU
		{A9894C10-8920-4030-9F51-750861EE402C}.Release|Any CPU.Build.0 = Release|Any CPU
		{365A595A-2E64-4C11-8CD4-905D9B125407}.Debug|Any CPU.ActiveCfg = Debug|Any CPU
		{365A595A-2E64-4C11-8CD4-905D9B125407}.Debug|Any CPU.Build.0 = Debug|Any CPU
		{365A595A-2E64-4C11-8CD4-905D9B125407}.Release|Any CPU.ActiveCfg = Release|Any CPU
		{365A595A-2E64-4C11-8CD4-905D9B125407}.Release|Any CPU.Build.0 = Release|Any CPU
		{D5899C8B-99F6-4429-A5C3-46A3F58512EE}.Debug|Any CPU.ActiveCfg = Debug|Any CPU
		{D5899C8B-99F6-4429-A5C3-46A3F58512EE}.Debug|Any CPU.Build.0 = Debug|Any CPU
		{D5899C8B-99F6-4429-A5C3-46A3F58512EE}.Release|Any CPU.ActiveCfg = Release|Any CPU
		{D5899C8B-99F6-4429-A5C3-46A3F58512EE}.Release|Any CPU.Build.0 = Release|Any CPU
		{F26C7538-B86F-43B8-BB4F-2B46E3E332FD}.Debug|Any CPU.ActiveCfg = Debug|Any CPU
		{F26C7538-B86F-43B8-BB4F-2B46E3E332FD}.Debug|Any CPU.Build.0 = Debug|Any CPU
		{F26C7538-B86F-43B8-BB4F-2B46E3E332FD}.Release|Any CPU.ActiveCfg = Release|Any CPU
		{F26C7538-B86F-43B8-BB4F-2B46E3E332FD}.Release|Any CPU.Build.0 = Release|Any CPU
		{24B7B8D6-E3DC-413A-80A3-D2214CA929E6}.Debug|Any CPU.ActiveCfg = Debug|Any CPU
		{24B7B8D6-E3DC-413A-80A3-D2214CA929E6}.Debug|Any CPU.Build.0 = Debug|Any CPU
		{24B7B8D6-E3DC-413A-80A3-D2214CA929E6}.Release|Any CPU.ActiveCfg = Release|Any CPU
		{24B7B8D6-E3DC-413A-80A3-D2214CA929E6}.Release|Any CPU.Build.0 = Release|Any CPU
		{11DA5118-F334-449E-91D3-CD2ADB135801}.Debug|Any CPU.ActiveCfg = Debug|Any CPU
		{11DA5118-F334-449E-91D3-CD2ADB135801}.Debug|Any CPU.Build.0 = Debug|Any CPU
		{11DA5118-F334-449E-91D3-CD2ADB135801}.Release|Any CPU.ActiveCfg = Release|Any CPU
		{11DA5118-F334-449E-91D3-CD2ADB135801}.Release|Any CPU.Build.0 = Release|Any CPU
		{64F2F130-53FB-4C2E-A429-187903A2E6F6}.Debug|Any CPU.ActiveCfg = Debug|Any CPU
		{64F2F130-53FB-4C2E-A429-187903A2E6F6}.Debug|Any CPU.Build.0 = Debug|Any CPU
		{64F2F130-53FB-4C2E-A429-187903A2E6F6}.Release|Any CPU.ActiveCfg = Release|Any CPU
		{64F2F130-53FB-4C2E-A429-187903A2E6F6}.Release|Any CPU.Build.0 = Release|Any CPU
		{62CB38AF-B182-4F78-A565-138DC2CCA050}.Debug|Any CPU.ActiveCfg = Debug|Any CPU
		{62CB38AF-B182-4F78-A565-138DC2CCA050}.Debug|Any CPU.Build.0 = Debug|Any CPU
		{62CB38AF-B182-4F78-A565-138DC2CCA050}.Release|Any CPU.ActiveCfg = Release|Any CPU
		{62CB38AF-B182-4F78-A565-138DC2CCA050}.Release|Any CPU.Build.0 = Release|Any CPU
	EndGlobalSection
	GlobalSection(SolutionProperties) = preSolution
		HideSolutionNode = FALSE
	EndGlobalSection
	GlobalSection(NestedProjects) = preSolution
		{A9894C10-8920-4030-9F51-750861EE402C} = {BD31F4F6-5F6B-4A40-86EF-839A272A8716}
		{365A595A-2E64-4C11-8CD4-905D9B125407} = {BD31F4F6-5F6B-4A40-86EF-839A272A8716}
		{D5899C8B-99F6-4429-A5C3-46A3F58512EE} = {776FBCAC-6269-484E-8E37-80A47135E37D}
		{F26C7538-B86F-43B8-BB4F-2B46E3E332FD} = {776FBCAC-6269-484E-8E37-80A47135E37D}
		{24B7B8D6-E3DC-413A-80A3-D2214CA929E6} = {776FBCAC-6269-484E-8E37-80A47135E37D}
		{11DA5118-F334-449E-91D3-CD2ADB135801} = {D30626CB-FD08-4902-8711-353C810FD131}
		{64F2F130-53FB-4C2E-A429-187903A2E6F6} = {D30626CB-FD08-4902-8711-353C810FD131}
		{62CB38AF-B182-4F78-A565-138DC2CCA050} = {D30626CB-FD08-4902-8711-353C810FD131}
	EndGlobalSection
	GlobalSection(ExtensibilityGlobals) = postSolution
		SolutionGuid = {4D14C446-1423-4298-99C2-E73584E1311C}
	EndGlobalSection
EndGlobal
